
Microsoft Visual Studio Solution File, Format Version 12.00
Project("{FAE04EC0-301F-11D3-BF4B-00C04F79EFBC}") = "Startup", "Startup\Startup.csproj", "{E71137E9-6FD7-4129-A9B1-4E1955D4C353}"
EndProject
Project("{FAE04EC0-301F-11D3-BF4B-00C04F79EFBC}") = "DynamicArray", "DynamicArray\DynamicArray.csproj", "{1FFD8992-9218-42DA-AEF7-0E641F6ACFF8}"
EndProject
Global
	GlobalSection(SolutionConfigurationPlatforms) = preSolution
		Debug|Any CPU = Debug|Any CPU
		Release|Any CPU = Release|Any CPU
	EndGlobalSection
	GlobalSection(ProjectConfigurationPlatforms) = postSolution
		{E71137E9-6FD7-4129-A9B1-4E1955D4C353}.Debug|Any CPU.ActiveCfg = Debug|Any CPU
		{E71137E9-6FD7-4129-A9B1-4E1955D4C353}.Debug|Any CPU.Build.0 = Debug|Any CPU
		{E71137E9-6FD7-4129-A9B1-4E1955D4C353}.Release|Any CPU.ActiveCfg = Release|Any CPU
		{E71137E9-6FD7-4129-A9B1-4E1955D4C353}.Release|Any CPU.Build.0 = Release|Any CPU
		{1FFD8992-9218-42DA-AEF7-0E641F6ACFF8}.Debug|Any CPU.ActiveCfg = Debug|Any CPU
		{1FFD8992-9218-42DA-AEF7-0E641F6ACFF8}.Debug|Any CPU.Build.0 = Debug|Any CPU
		{1FFD8992-9218-42DA-AEF7-0E641F6ACFF8}.Release|Any CPU.ActiveCfg = Release|Any CPU
		{1FFD8992-9218-42DA-AEF7-0E641F6ACFF8}.Release|Any CPU.Build.0 = Release|Any CPU
	EndGlobalSection
EndGlobal
